
Microsoft Visual Studio Solution File, Format Version 12.00
# Visual Studio 15
VisualStudioVersion = 15.0.28010.2016
MinimumVisualStudioVersion = 10.0.40219.1
Project("{FAE04EC0-301F-11D3-BF4B-00C04F79EFBC}") = "MNISTpng", "MNISTpng\MNISTpng.csproj", "{695F788F-C86C-41C2-88F4-AD29AD59E4EA}"
EndProject
Project("{FAE04EC0-301F-11D3-BF4B-00C04F79EFBC}") = "PythonTrainer", "PythonTrainer\PythonTrainer.csproj", "{395632FD-A617-4121-BD92-DD00ED409E79}"
EndProject
Project("{FAE04EC0-301F-11D3-BF4B-00C04F79EFBC}") = "ConsoleAppTester", "ConsoleAppTester\ConsoleAppTester.csproj", "{D3961E4F-2A5E-4842-9656-857FC11DA059}"
EndProject
Project("{E24C65DC-7377-472B-9ABA-BC803B73C61A}") = "Article", "Article\", "{B0A392D1-66E9-4E37-89B4-5705ECF3D802}"
	ProjectSection(WebsiteProperties) = preProject
		TargetFrameworkMoniker = ".NETFramework,Version%3Dv4.6.1"
		Debug.AspNetCompiler.VirtualPath = "/localhost_55859"
		Debug.AspNetCompiler.PhysicalPath = "Article\"
		Debug.AspNetCompiler.TargetPath = "PrecompiledWeb\localhost_55859\"
		Debug.AspNetCompiler.Updateable = "true"
		Debug.AspNetCompiler.ForceOverwrite = "true"
		Debug.AspNetCompiler.FixedNames = "false"
		Debug.AspNetCompiler.Debug = "True"
		Release.AspNetCompiler.VirtualPath = "/localhost_55859"
		Release.AspNetCompiler.PhysicalPath = "Article\"
		Release.AspNetCompiler.TargetPath = "PrecompiledWeb\localhost_55859\"
		Release.AspNetCompiler.Updateable = "true"
		Release.AspNetCompiler.ForceOverwrite = "true"
		Release.AspNetCompiler.FixedNames = "false"
		Release.AspNetCompiler.Debug = "False"
		VWDPort = "55859"
		SlnRelativePath = "Article\"
		DefaultWebSiteLanguage = "Visual C#"
	EndProjectSection
EndProject
Global
	GlobalSection(SolutionConfigurationPlatforms) = preSolution
		Debug|Any CPU = Debug|Any CPU
		Release|Any CPU = Release|Any CPU
	EndGlobalSection
	GlobalSection(ProjectConfigurationPlatforms) = postSolution
		{695F788F-C86C-41C2-88F4-AD29AD59E4EA}.Debug|Any CPU.ActiveCfg = Debug|Any CPU
		{695F788F-C86C-41C2-88F4-AD29AD59E4EA}.Debug|Any CPU.Build.0 = Debug|Any CPU
		{695F788F-C86C-41C2-88F4-AD29AD59E4EA}.Release|Any CPU.ActiveCfg = Release|Any CPU
		{695F788F-C86C-41C2-88F4-AD29AD59E4EA}.Release|Any CPU.Build.0 = Release|Any CPU
		{395632FD-A617-4121-BD92-DD00ED409E79}.Debug|Any CPU.ActiveCfg = Debug|Any CPU
		{395632FD-A617-4121-BD92-DD00ED409E79}.Debug|Any CPU.Build.0 = Debug|Any CPU
		{395632FD-A617-4121-BD92-DD00ED409E79}.Release|Any CPU.ActiveCfg = Release|Any CPU
		{395632FD-A617-4121-BD92-DD00ED409E79}.Release|Any CPU.Build.0 = Release|Any CPU
		{D3961E4F-2A5E-4842-9656-857FC11DA059}.Debug|Any CPU.ActiveCfg = Debug|Any CPU
		{D3961E4F-2A5E-4842-9656-857FC11DA059}.Debug|Any CPU.Build.0 = Debug|Any CPU
		{D3961E4F-2A5E-4842-9656-857FC11DA059}.Release|Any CPU.ActiveCfg = Release|Any CPU
		{D3961E4F-2A5E-4842-9656-857FC11DA059}.Release|Any CPU.Build.0 = Release|Any CPU
		{B0A392D1-66E9-4E37-89B4-5705ECF3D802}.Debug|Any CPU.ActiveCfg = Debug|Any CPU
		{B0A392D1-66E9-4E37-89B4-5705ECF3D802}.Debug|Any CPU.Build.0 = Debug|Any CPU
		{B0A392D1-66E9-4E37-89B4-5705ECF3D802}.Release|Any CPU.ActiveCfg = Debug|Any CPU
		{B0A392D1-66E9-4E37-89B4-5705ECF3D802}.Release|Any CPU.Build.0 = Debug|Any CPU
	EndGlobalSection
	GlobalSection(SolutionProperties) = preSolution
		HideSolutionNode = FALSE
	EndGlobalSection
	GlobalSection(ExtensibilityGlobals) = postSolution
		SolutionGuid = {070BF888-BE5B-4B83-AC34-1895E3D22219}
	EndGlobalSection
EndGlobal
