
Microsoft Visual Studio Solution File, Format Version 12.00
# Visual Studio 15
VisualStudioVersion = 15.0.28010.2016
MinimumVisualStudioVersion = 10.0.40219.1
Project("{FAE04EC0-301F-11D3-BF4B-00C04F79EFBC}") = "MNISTpng", "MNISTpng\MNISTpng.csproj", "{695F788F-C86C-41C2-88F4-AD29AD59E4EA}"
EndProject
Global
	GlobalSection(SolutionConfigurationPlatforms) = preSolution
		Debug|Any CPU = Debug|Any CPU
		Release|Any CPU = Release|Any CPU
	EndGlobalSection
	GlobalSection(ProjectConfigurationPlatforms) = postSolution
		{695F788F-C86C-41C2-88F4-AD29AD59E4EA}.Debug|Any CPU.ActiveCfg = Debug|Any CPU
		{695F788F-C86C-41C2-88F4-AD29AD59E4EA}.Debug|Any CPU.Build.0 = Debug|Any CPU
		{695F788F-C86C-41C2-88F4-AD29AD59E4EA}.Release|Any CPU.ActiveCfg = Release|Any CPU
		{695F788F-C86C-41C2-88F4-AD29AD59E4EA}.Release|Any CPU.Build.0 = Release|Any CPU
	EndGlobalSection
	GlobalSection(SolutionProperties) = preSolution
		HideSolutionNode = FALSE
	EndGlobalSection
	GlobalSection(ExtensibilityGlobals) = postSolution
		SolutionGuid = {070BF888-BE5B-4B83-AC34-1895E3D22219}
	EndGlobalSection
EndGlobal
